
Microsoft Visual Studio Solution File, Format Version 12.00
# Visual Studio 2013
VisualStudioVersion = 12.0.40629.0
MinimumVisualStudioVersion = 10.0.40219.1
Project("{FAE04EC0-301F-11D3-BF4B-00C04F79EFBC}") = "ExampleForSpecflow", "ExampleForSpecflow\ExampleForSpecflow.csproj", "{7C0F9B6F-8309-43D7-AA0B-24F18063761C}"
EndProject
Project("{FAE04EC0-301F-11D3-BF4B-00C04F79EFBC}") = "Example.SpecFlow.Test", "Example.SpecFlow.Test\Example.SpecFlow.Test.csproj", "{882A6ABF-0666-4A7C-9415-58257743D298}"
EndProject
Project("{2150E333-8FDC-42A3-9474-1A3956D46DE8}") = ".nuget", ".nuget", "{389CDC66-DEB9-47C4-A783-7F5C8A5D50F7}"
	ProjectSection(SolutionItems) = preProject
		.nuget\packages.config = .nuget\packages.config
	EndProjectSection
EndProject
Global
	GlobalSection(SolutionConfigurationPlatforms) = preSolution
		Debug|Any CPU = Debug|Any CPU
		Release|Any CPU = Release|Any CPU
	EndGlobalSection
	GlobalSection(ProjectConfigurationPlatforms) = postSolution
		{7C0F9B6F-8309-43D7-AA0B-24F18063761C}.Debug|Any CPU.ActiveCfg = Debug|Any CPU
		{7C0F9B6F-8309-43D7-AA0B-24F18063761C}.Debug|Any CPU.Build.0 = Debug|Any CPU
		{7C0F9B6F-8309-43D7-AA0B-24F18063761C}.Release|Any CPU.ActiveCfg = Release|Any CPU
		{7C0F9B6F-8309-43D7-AA0B-24F18063761C}.Release|Any CPU.Build.0 = Release|Any CPU
		{882A6ABF-0666-4A7C-9415-58257743D298}.Debug|Any CPU.ActiveCfg = Debug|Any CPU
		{882A6ABF-0666-4A7C-9415-58257743D298}.Debug|Any CPU.Build.0 = Debug|Any CPU
		{882A6ABF-0666-4A7C-9415-58257743D298}.Release|Any CPU.ActiveCfg = Release|Any CPU
		{882A6ABF-0666-4A7C-9415-58257743D298}.Release|Any CPU.Build.0 = Release|Any CPU
	EndGlobalSection
	GlobalSection(SolutionProperties) = preSolution
		HideSolutionNode = FALSE
	EndGlobalSection
EndGlobal
